schema: '2.0'
stages:
  data_ingestion:
    cmd: python src/data_ingestion.py
    deps:
    - path: src/data_ingestion.py
      hash: md5
      md5: 1e14bba6c2f973b8ab66a9258bf644eb
      size: 3670
    params:
      params.yaml:
        data_ingestion.test_size: 0.3
    outs:
    - path: data/raw/test.csv
      hash: md5
      md5: b0e80bcd50d457146e57c6cf293c8912
      size: 146681
    - path: data/raw/train.csv
      hash: md5
      md5: cb199a9efc794faab93ac8b2b9193b29
      size: 338165
  data_preprocessing:
    cmd: python src/data_preprocessing.py
    deps:
    - path: data/raw
      hash: md5
      md5: d26befd2dda9438254177d9000d9ba1f.dir
      size: 484846
      nfiles: 2
    - path: src/data_preprocessing.py
      hash: md5
      md5: 8b8bbe2d1a68743b53f244ebf1f3b03f
      size: 3962
    outs:
    - path: data/preprocessed
      hash: md5
      md5: 61ca13b2e20854a1f7bacbbcfeca409e.dir
      size: 262513
      nfiles: 2
  feature_engineering:
    cmd: python src/feature_engineering.py
    deps:
    - path: data/preprocessed
      hash: md5
      md5: 61ca13b2e20854a1f7bacbbcfeca409e.dir
      size: 262513
      nfiles: 2
    - path: src/feature_engineering.py
      hash: md5
      md5: 74770811e6b475269220419dd1a1953f
      size: 3992
    params:
      params.yaml:
        feature_engineering.max_features: 30
    outs:
    - path: data/processed
      hash: md5
      md5: fe927cbe4eeda8dc5a4cddfa721af1e6.dir
      size: 957276
      nfiles: 2
  model_building:
    cmd: python src/model_training.py
    deps:
    - path: data/processed
      hash: md5
      md5: fe927cbe4eeda8dc5a4cddfa721af1e6.dir
      size: 957276
      nfiles: 2
    - path: src/model_training.py
      hash: md5
      md5: 98cdc3dda2d5a323175479a518825520
      size: 4482
    params:
      params.yaml:
        model_building.n_estimators: 20
        model_building.random_state: 2
    outs:
    - path: models/model_new.pkl
      hash: md5
      md5: b27fe99a6a2c07c1df3fb547f6327f87
      size: 1064574
  model_evaluation:
    cmd: python src/model_evaluation_new.py
    deps:
    - path: models/model_new.pkl
      hash: md5
      md5: b27fe99a6a2c07c1df3fb547f6327f87
      size: 1064574
    - path: src/model_evaluation_new.py
      hash: md5
      md5: 3153b2d3e1ff8afbaf9c24583d4b9af0
      size: 4833
    outs:
    - path: reports/metrics.json
      hash: md5
      md5: 51fb2ca0533a5dfaba289fed1b19102e
      size: 133
